# THIS IS AN AUTOGENERATED FILE. DO NOT EDIT THIS FILE DIRECTLY.
# yarn lockfile v1


"@babel/runtime@^7.1.2":
  "integrity" "sha512-9E9FJowqAsytyOY6LG+1KuueckRL+aQW+mKvXRXnuFGyRAyepJPmEo9vgMfXUA6O9u3IeEdv9MAkppFcaQwogQ=="
  "resolved" "https://registry.npmjs.org/@babel/runtime/-/runtime-7.16.7.tgz"
  "version" "7.16.7"
  dependencies:
    "regenerator-runtime" "^0.13.4"

"@popperjs/core@^2.10.2", "@popperjs/core@^2.11.2":
  "integrity" "sha512-92FRmppjjqz29VMJ2dn+xdyXZBrMlE42AV6Kq6BwjWV7CNUW1hs2FtxSNLQE+gJhaZ6AAmYuO9y8dshhcBl7vA=="
  "resolved" "https://registry.npmjs.org/@popperjs/core/-/core-2.11.2.tgz"
  "version" "2.11.2"

"@webcomponents/webcomponentsjs@^2.0.2":
  "integrity" "sha512-Moog+Smx3ORTbWwuPqoclr+uvfLnciVd6wdCaVscHPrxbmQ/IJKm3wbB7hpzJtXWjAq2l/6QMlO85aZiOdtv5Q=="
  "resolved" "https://registry.npmjs.org/@webcomponents/webcomponentsjs/-/webcomponentsjs-2.6.0.tgz"
  "version" "2.6.0"

"apexcharts@^3.33.0":
  "integrity" "sha512-gOc0qZijuomtXTThLbb0sKn+mZJkVQADyK/Zw9vQ0JjKVbMYxzek61xk40hT49i1Sq6/MUqsz0WgUXYpqqf8Mg=="
  "resolved" "https://registry.npmjs.org/apexcharts/-/apexcharts-3.33.0.tgz"
  "version" "3.33.0"
  dependencies:
    "svg.draggable.js" "^2.2.2"
    "svg.easing.js" "^2.0.0"
    "svg.filter.js" "^2.0.2"
    "svg.pathmorphing.js" "^0.1.3"
    "svg.resize.js" "^1.4.3"
    "svg.select.js" "^3.0.1"

"bootstrap@^5.1.3":
  "integrity" "sha512-fcQztozJ8jToQWXxVuEyXWW+dSo8AiXWKwiSSrKWsRB/Qt+Ewwza+JWoLKiTuQLaEPhdNAJ7+Dosc9DOIqNy7Q=="
  "resolved" "https://registry.npmjs.org/bootstrap/-/bootstrap-5.1.3.tgz"
  "version" "5.1.3"

"boxicons@^2.1.1":
  "integrity" "sha512-+bOPcCnCM/7ZLDeKPB7OPqmtFmft58HfDZVEJLJx7ArDZhIDGY+wXSTUhC2eD3IGqv/UsgoDNyOKgIFoEiomGg=="
  "resolved" "https://registry.npmjs.org/boxicons/-/boxicons-2.1.1.tgz"
  "version" "2.1.1"
  dependencies:
    "@webcomponents/webcomponentsjs" "^2.0.2"
    "prop-types" "^15.6.0"
    "react" "^16.0.0"
    "react-dom" "^16.0.0"
    "react-interactive" "^0.8.1"
    "react-router-dom" "^4.2.2"

"chart.js@^3.7.0":
  "integrity" "sha512-31gVuqqKp3lDIFmzpKIrBeum4OpZsQjSIAqlOpgjosHDJZlULtvwLEZKtEhIAZc7JMPaHlYMys40Qy9Mf+1AAg=="
  "resolved" "https://registry.npmjs.org/chart.js/-/chart.js-3.7.0.tgz"
  "version" "3.7.0"

"dayjs@^1.10.7":
  "integrity" "sha512-P6twpd70BcPK34K26uJ1KT3wlhpuOAPoMwJzpsIWUxHZ7wpmbdZL/hQqBDfz7hGurYSa5PhzdhDHtt319hL3ig=="
  "resolved" "https://registry.npmjs.org/dayjs/-/dayjs-1.10.7.tgz"
  "version" "1.10.7"

"detect-hover@^1.0.3":
  "integrity" "sha512-HtLoY+tClgYucJNiovNICGWFp9nOGVmHY44s7L62iPqORXM9vujeWFaVcqtA7XRvp/2Y+4RBUfHbDKFGN+xxZQ=="
  "resolved" "https://registry.npmjs.org/detect-hover/-/detect-hover-1.0.3.tgz"
  "version" "1.0.3"

"detect-it@^3.0.3":
  "integrity" "sha512-RxpgcdbatUX6epJE09K16iJqF7x6iEcEdoL18FR2zpBO4JhnL7aMOAUoUEyexdtbWOSfTmoDWmeD6mwRBQyRXg=="
  "resolved" "https://registry.npmjs.org/detect-it/-/detect-it-3.0.7.tgz"
  "version" "3.0.7"
  dependencies:
    "detect-hover" "^1.0.3"
    "detect-passive-events" "^1.0.5"
    "detect-pointer" "^1.0.3"
    "detect-touch-events" "^2.0.2"

"detect-passive-events@^1.0.5":
  "integrity" "sha512-foW7Q35wwOCxVzW0xLf5XeB5Fhe7oyRgvkBYdiP9IWgLMzjqUqTvsJv9ymuEWGjY6AoDXD3OC294+Z9iuOw0QA=="
  "resolved" "https://registry.npmjs.org/detect-passive-events/-/detect-passive-events-1.0.5.tgz"
  "version" "1.0.5"

"detect-pointer@^1.0.3":
  "integrity" "sha512-d0o/Puo3fiGSCXy6H039h9Kwz+mmYCGKZ/qtPFnpN3WfsumjC1C9b5KKvRu+aYnfdI8peqN/iAe7dPd85qIt2g=="
  "resolved" "https://registry.npmjs.org/detect-pointer/-/detect-pointer-1.0.3.tgz"
  "version" "1.0.3"

"detect-touch-events@^2.0.2":
  "integrity" "sha512-g8GWBkJLiIDRJfRXEdrd1wMXpNyGId2DkbfuwFahSb4OCvn717hyRJtAcEDISfp3zkwEhZ4Y4woHPA6DeyB3Fw=="
  "resolved" "https://registry.npmjs.org/detect-touch-events/-/detect-touch-events-2.0.2.tgz"
  "version" "2.0.2"

"echarts@^5.2.2":
  "integrity" "sha512-yxuBfeIH5c+0FsoRP60w4De6omXhA06c7eUYBsC1ykB6Ys2yK5fSteIYWvkJ4xJVLQgCvAdO8C4mN6MLeJpBaw=="
  "resolved" "https://registry.npmjs.org/echarts/-/echarts-5.2.2.tgz"
  "version" "5.2.2"
  dependencies:
    "tslib" "2.3.0"
    "zrender" "5.2.1"

"history@^4.7.2":
  "integrity" "sha512-36nwAD620w12kuzPAsyINPWJqlNbij+hpK1k9XRloDtym8mxzGYl2c17LnV6IAGB2Dmg4tEa7G7DlawS0+qjew=="
  "resolved" "https://registry.npmjs.org/history/-/history-4.10.1.tgz"
  "version" "4.10.1"
  dependencies:
    "@babel/runtime" "^7.1.2"
    "loose-envify" "^1.2.0"
    "resolve-pathname" "^3.0.0"
    "tiny-invariant" "^1.0.2"
    "tiny-warning" "^1.0.0"
    "value-equal" "^1.0.1"

"hoist-non-react-statics@^2.5.0":
  "integrity" "sha512-rqcy4pJo55FTTLWt+bU8ukscqHeE/e9KWvsOW2b/a3afxQZhwkQdT1rPPCJ0rYXdj4vNcasY8zHTH+jF/qStxw=="
  "resolved" "https://registry.npmjs.org/hoist-non-react-statics/-/hoist-non-react-statics-2.5.5.tgz"
  "version" "2.5.5"

"invariant@^2.2.4":
  "integrity" "sha512-phJfQVBuaJM5raOpJjSfkiD6BpbCE4Ns//LaXl6wGYtUBY83nWS6Rf9tXm2e8VaK60JEjYldbPif/A2B1C2gNA=="
  "resolved" "https://registry.npmjs.org/invariant/-/invariant-2.2.4.tgz"
  "version" "2.2.4"
  dependencies:
    "loose-envify" "^1.0.0"

"isarray@0.0.1":
  "integrity" "sha1-ihis/Kmo9Bd+Cav8YDiTmwXR7t8="
  "resolved" "https://registry.npmjs.org/isarray/-/isarray-0.0.1.tgz"
  "version" "0.0.1"

"jquery@^3.6.0":
  "integrity" "sha512-JVzAR/AjBvVt2BmYhxRCSYysDsPcssdmTFnzyLEts9qNwmjmu4JTAMYubEfwVOSwpQ1I1sKKFcxhZCI2buerfw=="
  "resolved" "https://registry.npmjs.org/jquery/-/jquery-3.6.0.tgz"
  "version" "3.6.0"

"js-tokens@^3.0.0 || ^4.0.0":
  "integrity" "sha512-RdJUflcE3cUzKiMqQgsCu06FPu9UdIJO0beYbPhHN4k6apgJtifcoCtT9bcxOpYBtpD2kCM6Sbzg4CausW/PKQ=="
  "resolved" "https://registry.npmjs.org/js-tokens/-/js-tokens-4.0.0.tgz"
  "version" "4.0.0"

"loose-envify@^1.0.0", "loose-envify@^1.1.0", "loose-envify@^1.2.0", "loose-envify@^1.3.1", "loose-envify@^1.4.0":
  "integrity" "sha512-lyuxPGr/Wfhrlem2CL/UcnUc1zcqKAImBDzukY7Y5F/yQiNdko6+fRLevlw1HgMySw7f611UIY408EtxRSoK3Q=="
  "resolved" "https://registry.npmjs.org/loose-envify/-/loose-envify-1.4.0.tgz"
  "version" "1.4.0"
  dependencies:
    "js-tokens" "^3.0.0 || ^4.0.0"

"object-assign@^4.1.1":
  "integrity" "sha1-IQmtx5ZYh8/AXLvUQsrIv7s2CGM="
  "resolved" "https://registry.npmjs.org/object-assign/-/object-assign-4.1.1.tgz"
  "version" "4.1.1"

"path-to-regexp@^1.7.0":
  "integrity" "sha512-n43JRhlUKUAlibEJhPeir1ncUID16QnEjNpwzNdO3Lm4ywrBpBZ5oLD0I6br9evr1Y9JTqwRtAh7JLoOzAQdVA=="
  "resolved" "https://registry.npmjs.org/path-to-regexp/-/path-to-regexp-1.8.0.tgz"
  "version" "1.8.0"
  dependencies:
    "isarray" "0.0.1"

"prop-types@^15.6.0", "prop-types@^15.6.1", "prop-types@^15.6.2":
  "integrity" "sha512-oj87CgZICdulUohogVAR7AjlC0327U4el4L6eAvOqCeudMDVU0NThNaV+b9Df4dXgSP1gXMTnPdhfe/2qDH5cg=="
  "resolved" "https://registry.npmjs.org/prop-types/-/prop-types-15.8.1.tgz"
  "version" "15.8.1"
  dependencies:
    "loose-envify" "^1.4.0"
    "object-assign" "^4.1.1"
    "react-is" "^16.13.1"

"react-dom@^16.0.0":
  "integrity" "sha512-1gCeQXDLoIqMgqD3IO2Ah9bnf0w9kzhwN5q4FGnHZ67hBm9yePzB5JJAIQCc8x3pFnNlwFq4RidZggNAAkzWWw=="
  "resolved" "https://registry.npmjs.org/react-dom/-/react-dom-16.14.0.tgz"
  "version" "16.14.0"
  dependencies:
    "loose-envify" "^1.1.0"
    "object-assign" "^4.1.1"
    "prop-types" "^15.6.2"
    "scheduler" "^0.19.1"

"react-interactive@^0.8.1":
  "integrity" "sha512-mmRvA9aKP7zu9kVfP1AX1egX8tFlnE3DDXq92z0JTZezfOpmeQBzr77O1+mTV54OOmn+M2t6c5kFD5VnuFoM7A=="
  "resolved" "https://registry.npmjs.org/react-interactive/-/react-interactive-0.8.3.tgz"
  "version" "0.8.3"
  dependencies:
    "detect-it" "^3.0.3"
    "object-assign" "^4.1.1"
    "prop-types" "^15.6.0"

"react-is@^16.13.1":
  "integrity" "sha512-24e6ynE2H+OKt4kqsOvNd8kBpV65zoxbA4BVsEOB3ARVWQki/DHzaUoC5KuON/BiccDaCCTZBuOcfZs70kR8bQ=="
  "resolved" "https://registry.npmjs.org/react-is/-/react-is-16.13.1.tgz"
  "version" "16.13.1"

"react-router-dom@^4.2.2":
  "integrity" "sha512-c/MlywfxDdCp7EnB7YfPMOfMD3tOtIjrQlj/CKfNMBxdmpJP8xcz5P/UAFn3JbnQCNUxsHyVVqllF9LhgVyFCA=="
  "resolved" "https://registry.npmjs.org/react-router-dom/-/react-router-dom-4.3.1.tgz"
  "version" "4.3.1"
  dependencies:
    "history" "^4.7.2"
    "invariant" "^2.2.4"
    "loose-envify" "^1.3.1"
    "prop-types" "^15.6.1"
    "react-router" "^4.3.1"
    "warning" "^4.0.1"

"react-router@^4.3.1":
  "integrity" "sha512-yrvL8AogDh2X42Dt9iknk4wF4V8bWREPirFfS9gLU1huk6qK41sg7Z/1S81jjTrGHxa3B8R3J6xIkDAA6CVarg=="
  "resolved" "https://registry.npmjs.org/react-router/-/react-router-4.3.1.tgz"
  "version" "4.3.1"
  dependencies:
    "history" "^4.7.2"
    "hoist-non-react-statics" "^2.5.0"
    "invariant" "^2.2.4"
    "loose-envify" "^1.3.1"
    "path-to-regexp" "^1.7.0"
    "prop-types" "^15.6.1"
    "warning" "^4.0.1"

"react@^16.0.0", "react@^16.14.0", "react@>=15":
  "integrity" "sha512-0X2CImDkJGApiAlcf0ODKIneSwBPhqJawOa5wCtKbu7ZECrmS26NvtSILynQ66cgkT/RJ4LidJOc3bUESwmU8g=="
  "resolved" "https://registry.npmjs.org/react/-/react-16.14.0.tgz"
  "version" "16.14.0"
  dependencies:
    "loose-envify" "^1.1.0"
    "object-assign" "^4.1.1"
    "prop-types" "^15.6.2"

"regenerator-runtime@^0.13.4":
  "integrity" "sha512-p3VT+cOEgxFsRRA9X4lkI1E+k2/CtnKtU4gcxyaCUreilL/vqI6CdZ3wxVUx3UOUg+gnUOQQcRI7BmSI656MYA=="
  "resolved" "https://registry.npmjs.org/regenerator-runtime/-/regenerator-runtime-0.13.9.tgz"
  "version" "0.13.9"

"resolve-pathname@^3.0.0":
  "integrity" "sha512-C7rARubxI8bXFNB/hqcp/4iUeIXJhJZvFPFPiSPRnhU5UPxzMFIl+2E6yY6c4k9giDJAhtV+enfA+G89N6Csng=="
  "resolved" "https://registry.npmjs.org/resolve-pathname/-/resolve-pathname-3.0.0.tgz"
  "version" "3.0.0"

"scheduler@^0.19.1":
  "integrity" "sha512-n/zwRWRYSUj0/3g/otKDRPMh6qv2SYMWNq85IEa8iZyAv8od9zDYpGSnpBEjNgcMNq6Scbu5KfIPxNF72R/2EA=="
  "resolved" "https://registry.npmjs.org/scheduler/-/scheduler-0.19.1.tgz"
  "version" "0.19.1"
  dependencies:
    "loose-envify" "^1.1.0"
    "object-assign" "^4.1.1"

"simple-datatables@^3.2.0":
  "integrity" "sha512-lWwrH7SbTHp4SBQmvGty3NFzruzcbz/URUkkcwd8AdnZrQUtSitGwKeJ64qUVv2JXWP+RLOe1xpN8bW4Z6gjSQ=="
  "resolved" "https://registry.npmjs.org/simple-datatables/-/simple-datatables-3.2.0.tgz"
  "version" "3.2.0"
  dependencies:
    "dayjs" "^1.10.7"

"simpledotcss@^2.0.0":
  "integrity" "sha512-gAQTih1jWEvPwtW7QkrPVr7HGtqYpqvuZmU9TSSY3odiiPJKaVI3miZZ4fv5jvr/enFqoOWKUwxrOMMpjiswWA=="
  "resolved" "https://registry.npmjs.org/simpledotcss/-/simpledotcss-2.0.0.tgz"
  "version" "2.0.0"

"svg.draggable.js@^2.2.2":
  "integrity" "sha512-JzNHBc2fLQMzYCZ90KZHN2ohXL0BQJGQimK1kGk6AvSeibuKcIdDX9Kr0dT9+UJ5O8nYA0RB839Lhvk4CY4MZw=="
  "resolved" "https://registry.npmjs.org/svg.draggable.js/-/svg.draggable.js-2.2.2.tgz"
  "version" "2.2.2"
  dependencies:
    "svg.js" "^2.0.1"

"svg.easing.js@^2.0.0":
  "integrity" "sha1-iqmUawqOJ4V6XEChDrpAkeVpHxI="
  "resolved" "https://registry.npmjs.org/svg.easing.js/-/svg.easing.js-2.0.0.tgz"
  "version" "2.0.0"
  dependencies:
    "svg.js" ">=2.3.x"

"svg.filter.js@^2.0.2":
  "integrity" "sha1-kQCOFROJ3ZIwd5/L5uLJo2LRwgM="
  "resolved" "https://registry.npmjs.org/svg.filter.js/-/svg.filter.js-2.0.2.tgz"
  "version" "2.0.2"
  dependencies:
    "svg.js" "^2.2.5"

"svg.js@^2.0.1", "svg.js@^2.2.5", "svg.js@^2.4.0", "svg.js@^2.6.5", "svg.js@>=2.3.x":
  "integrity" "sha512-ycbxpizEQktk3FYvn/8BH+6/EuWXg7ZpQREJvgacqn46gIddG24tNNe4Son6omdXCnSOaApnpZw6MPCBA1dODA=="
  "resolved" "https://registry.npmjs.org/svg.js/-/svg.js-2.7.1.tgz"
  "version" "2.7.1"

"svg.pathmorphing.js@^0.1.3":
  "integrity" "sha512-49HWI9X4XQR/JG1qXkSDV8xViuTLIWm/B/7YuQELV5KMOPtXjiwH4XPJvr/ghEDibmLQ9Oc22dpWpG0vUDDNww=="
  "resolved" "https://registry.npmjs.org/svg.pathmorphing.js/-/svg.pathmorphing.js-0.1.3.tgz"
  "version" "0.1.3"
  dependencies:
    "svg.js" "^2.4.0"

"svg.resize.js@^1.4.3":
  "integrity" "sha512-9k5sXJuPKp+mVzXNvxz7U0uC9oVMQrrf7cFsETznzUDDm0x8+77dtZkWdMfRlmbkEEYvUn9btKuZ3n41oNA+uw=="
  "resolved" "https://registry.npmjs.org/svg.resize.js/-/svg.resize.js-1.4.3.tgz"
  "version" "1.4.3"
  dependencies:
    "svg.js" "^2.6.5"
    "svg.select.js" "^2.1.2"

"svg.select.js@^2.1.2":
  "integrity" "sha512-tH6ABEyJsAOVAhwcCjF8mw4crjXSI1aa7j2VQR8ZuJ37H2MBUbyeqYr5nEO7sSN3cy9AR9DUwNg0t/962HlDbQ=="
  "resolved" "https://registry.npmjs.org/svg.select.js/-/svg.select.js-2.1.2.tgz"
  "version" "2.1.2"
  dependencies:
    "svg.js" "^2.2.5"

"svg.select.js@^3.0.1":
  "integrity" "sha512-h5IS/hKkuVCbKSieR9uQCj9w+zLHoPh+ce19bBYyqF53g6mnPB8sAtIbe1s9dh2S2fCmYX2xel1Ln3PJBbK4kw=="
  "resolved" "https://registry.npmjs.org/svg.select.js/-/svg.select.js-3.0.1.tgz"
  "version" "3.0.1"
  dependencies:
    "svg.js" "^2.6.5"

"tiny-invariant@^1.0.2":
  "integrity" "sha512-1Uhn/aqw5C6RI4KejVeTg6mIS7IqxnLJ8Mv2tV5rTc0qWobay7pDUz6Wi392Cnc8ak1H0F2cjoRzb2/AW4+Fvg=="
  "resolved" "https://registry.npmjs.org/tiny-invariant/-/tiny-invariant-1.2.0.tgz"
  "version" "1.2.0"

"tiny-warning@^1.0.0":
  "integrity" "sha512-lBN9zLN/oAf68o3zNXYrdCt1kP8WsiGW8Oo2ka41b2IM5JL/S1CTyX1rW0mb/zSuJun0ZUrDxx4sqvYS2FWzPA=="
  "resolved" "https://registry.npmjs.org/tiny-warning/-/tiny-warning-1.0.3.tgz"
  "version" "1.0.3"

"tslib@2.3.0":
  "integrity" "sha512-N82ooyxVNm6h1riLCoyS9e3fuJ3AMG2zIZs2Gd1ATcSFjSA23Q0fzjjZeh0jbJvWVDZ0cJT8yaNNaaXHzueNjg=="
  "resolved" "https://registry.npmjs.org/tslib/-/tslib-2.3.0.tgz"
  "version" "2.3.0"

"value-equal@^1.0.1":
  "integrity" "sha512-NOJ6JZCAWr0zlxZt+xqCHNTEKOsrks2HQd4MqhP1qy4z1SkbEP467eNx6TgDKXMvUOb+OENfJCZwM+16n7fRfw=="
  "resolved" "https://registry.npmjs.org/value-equal/-/value-equal-1.0.1.tgz"
  "version" "1.0.1"

"warning@^4.0.1":
  "integrity" "sha512-rpJyN222KWIvHJ/F53XSZv0Zl/accqHR8et1kpaMTD/fLCRxtV8iX8czMzY7sVZupTI3zcUTg8eycS2kNF9l6w=="
  "resolved" "https://registry.npmjs.org/warning/-/warning-4.0.3.tgz"
  "version" "4.0.3"
  dependencies:
    "loose-envify" "^1.0.0"

"zrender@5.2.1":
  "integrity" "sha512-M3bPGZuyLTNBC6LiNKXJwSCtglMp8XUEqEBG+2MdICDI3d1s500Y4P0CzldQGsqpRVB7fkvf3BKQQRxsEaTlsw=="
  "resolved" "https://registry.npmjs.org/zrender/-/zrender-5.2.1.tgz"
  "version" "5.2.1"
  dependencies:
    "tslib" "2.3.0"
